
Microsoft Visual Studio Solution File, Format Version 12.00
Project("{FAE04EC0-301F-11D3-BF4B-00C04F79EFBC}") = "XYZToMBTiles", "XYZToMBTiles\XYZToMBTiles.csproj", "{B206D101-3AF3-4B79-96A9-098D8A4992E8}"
EndProject
Global
	GlobalSection(SolutionConfigurationPlatforms) = preSolution
		Debug|Any CPU = Debug|Any CPU
		Release|Any CPU = Release|Any CPU
	EndGlobalSection
	GlobalSection(ProjectConfigurationPlatforms) = postSolution
		{B206D101-3AF3-4B79-96A9-098D8A4992E8}.Debug|Any CPU.ActiveCfg = Debug|Any CPU
		{B206D101-3AF3-4B79-96A9-098D8A4992E8}.Debug|Any CPU.Build.0 = Debug|Any CPU
		{B206D101-3AF3-4B79-96A9-098D8A4992E8}.Release|Any CPU.ActiveCfg = Release|Any CPU
		{B206D101-3AF3-4B79-96A9-098D8A4992E8}.Release|Any CPU.Build.0 = Release|Any CPU
	EndGlobalSection
EndGlobal
